
Microsoft Visual Studio Solution File, Format Version 12.00
# Visual Studio 15
VisualStudioVersion = 15.0.27703.2047
MinimumVisualStudioVersion = 10.0.40219.1
Project("{FAE04EC0-301F-11D3-BF4B-00C04F79EFBC}") = "Fibonacci", "Fibonacci\Fibonacci.csproj", "{47919B78-F56A-4985-B4E9-2BE42EFCE391}"
EndProject
Global
	GlobalSection(SolutionConfigurationPlatforms) = preSolution
		Debug|Any CPU = Debug|Any CPU
		Release|Any CPU = Release|Any CPU
	EndGlobalSection
	GlobalSection(ProjectConfigurationPlatforms) = postSolution
		{47919B78-F56A-4985-B4E9-2BE42EFCE391}.Debug|Any CPU.ActiveCfg = Debug|Any CPU
		{47919B78-F56A-4985-B4E9-2BE42EFCE391}.Debug|Any CPU.Build.0 = Debug|Any CPU
		{47919B78-F56A-4985-B4E9-2BE42EFCE391}.Release|Any CPU.ActiveCfg = Release|Any CPU
		{47919B78-F56A-4985-B4E9-2BE42EFCE391}.Release|Any CPU.Build.0 = Release|Any CPU
	EndGlobalSection
	GlobalSection(SolutionProperties) = preSolution
		HideSolutionNode = FALSE
	EndGlobalSection
	GlobalSection(ExtensibilityGlobals) = postSolution
		SolutionGuid = {67CB5957-24DA-43C6-9013-0ADD37316D5F}
	EndGlobalSection
EndGlobal
