
Microsoft Visual Studio Solution File, Format Version 12.00
# Visual Studio 15
VisualStudioVersion = 15.0.27703.2047
MinimumVisualStudioVersion = 10.0.40219.1
Project("{FAE04EC0-301F-11D3-BF4B-00C04F79EFBC}") = "Suites", "Suites\Suites.csproj", "{67A3ADB4-640F-4B9E-9481-CF0EDA93C622}"
EndProject
Global
	GlobalSection(SolutionConfigurationPlatforms) = preSolution
		Debug|Any CPU = Debug|Any CPU
		Release|Any CPU = Release|Any CPU
	EndGlobalSection
	GlobalSection(ProjectConfigurationPlatforms) = postSolution
		{67A3ADB4-640F-4B9E-9481-CF0EDA93C622}.Debug|Any CPU.ActiveCfg = Debug|Any CPU
		{67A3ADB4-640F-4B9E-9481-CF0EDA93C622}.Debug|Any CPU.Build.0 = Debug|Any CPU
		{67A3ADB4-640F-4B9E-9481-CF0EDA93C622}.Release|Any CPU.ActiveCfg = Release|Any CPU
		{67A3ADB4-640F-4B9E-9481-CF0EDA93C622}.Release|Any CPU.Build.0 = Release|Any CPU
	EndGlobalSection
	GlobalSection(SolutionProperties) = preSolution
		HideSolutionNode = FALSE
	EndGlobalSection
	GlobalSection(ExtensibilityGlobals) = postSolution
		SolutionGuid = {6828BC00-032B-4019-AEC1-A16959E38779}
	EndGlobalSection
EndGlobal
